# This file is automatically @generated by Cargo.
# It is not intended for manual editing.
[[package]]
name = "aho-corasick"
version = "0.7.13"
source = "registry+https://github.com/rust-lang/crates.io-index"
checksum = "043164d8ba5c4c3035fec9bbee8647c0261d788f3474306f93bb65901cae0e86"
dependencies = [
 "memchr",
]

[[package]]
name = "ansi_term"
version = "0.11.0"
source = "registry+https://github.com/rust-lang/crates.io-index"
checksum = "ee49baf6cb617b853aa8d93bf420db2383fab46d314482ca2803b40d5fde979b"
dependencies = [
 "winapi 0.3.9",
]

[[package]]
name = "atty"
version = "0.2.14"
source = "registry+https://github.com/rust-lang/crates.io-index"
checksum = "d9b39be18770d11421cdb1b9947a45dd3f37e93092cbf377614828a319d5fee8"
dependencies = [
 "hermit-abi",
 "libc",
 "winapi 0.3.9",
]

[[package]]
name = "bitflags"
version = "0.5.0"
source = "registry+https://github.com/rust-lang/crates.io-index"
checksum = "4f67931368edf3a9a51d29886d245f1c3db2f1ef0dcc9e35ff70341b78c10d23"

[[package]]
name = "bitflags"
version = "1.2.1"
source = "registry+https://github.com/rust-lang/crates.io-index"
checksum = "cf1de2fe8c75bc145a2f577add951f8134889b4795d47466a54a5c846d691693"

[[package]]
name = "cassowary"
version = "0.3.0"
source = "registry+https://github.com/rust-lang/crates.io-index"
checksum = "df8670b8c7b9dae1793364eafadf7239c40d669904660c5960d74cfd80b46a53"

[[package]]
name = "cc"
version = "1.0.68"
source = "registry+https://github.com/rust-lang/crates.io-index"
checksum = "4a72c244c1ff497a746a7e1fb3d14bd08420ecda70c8f25c7112f2781652d787"

[[package]]
name = "cfg-if"
version = "0.1.10"
source = "registry+https://github.com/rust-lang/crates.io-index"
checksum = "4785bdd1c96b2a846b2bd7cc02e86b6b3dbf14e7e53446c4f54c92a361040822"

[[package]]
name = "cfg-if"
version = "1.0.0"
source = "registry+https://github.com/rust-lang/crates.io-index"
checksum = "baf1de4339761588bc0619e3cbc0120ee582ebb74b53b4efbf79117bd2da40fd"

[[package]]
name = "clap"
version = "2.33.3"
source = "registry+https://github.com/rust-lang/crates.io-index"
checksum = "37e58ac78573c40708d45522f0d80fa2f01cc4f9b4e2bf749807255454312002"
dependencies = [
 "ansi_term",
 "atty",
 "bitflags 1.2.1",
 "strsim",
 "textwrap",
 "unicode-width",
 "vec_map",
]

[[package]]
name = "ctrlc"
version = "3.1.9"
source = "registry+https://github.com/rust-lang/crates.io-index"
checksum = "232295399409a8b7ae41276757b5a1cc21032848d42bff2352261f958b3ca29a"
dependencies = [
 "nix",
 "winapi 0.3.9",
]

[[package]]
name = "glob"
version = "0.2.11"
source = "registry+https://github.com/rust-lang/crates.io-index"
checksum = "8be18de09a56b60ed0edf84bc9df007e30040691af7acd1c41874faac5895bfb"

[[package]]
name = "hermit-abi"
version = "0.1.15"
source = "registry+https://github.com/rust-lang/crates.io-index"
checksum = "3deed196b6e7f9e44a2ae8d94225d80302d81208b1bb673fd21fe634645c85a9"
dependencies = [
 "libc",
]

[[package]]
name = "ipnetwork"
version = "0.16.0"
source = "registry+https://github.com/rust-lang/crates.io-index"
checksum = "b8eca9f51da27bc908ef3dd85c21e1bbba794edaf94d7841e37356275b82d31e"
dependencies = [
 "serde",
]

[[package]]
name = "kernel32-sys"
version = "0.2.2"
source = "registry+https://github.com/rust-lang/crates.io-index"
checksum = "7507624b29483431c0ba2d82aece8ca6cdba9382bff4ddd0f7490560c056098d"
dependencies = [
 "winapi 0.2.8",
 "winapi-build",
]

[[package]]
name = "lazy_static"
version = "1.4.0"
source = "registry+https://github.com/rust-lang/crates.io-index"
checksum = "e2abad23fbc42b3700f2f279844dc832adb2b2eb069b2df918f455c4e18cc646"

[[package]]
name = "libc"
version = "0.2.94"
source = "registry+https://github.com/rust-lang/crates.io-index"
checksum = "18794a8ad5b29321f790b55d93dfba91e125cb1a9edbd4f8e3150acc771c1a5e"

[[package]]
name = "log"
version = "0.3.9"
source = "registry+https://github.com/rust-lang/crates.io-index"
checksum = "e19e8d5c34a3e0e2223db8e060f9e8264aeeb5c5fc64a4ee9965c062211c024b"
dependencies = [
 "log 0.4.11",
]

[[package]]
name = "log"
version = "0.4.11"
source = "registry+https://github.com/rust-lang/crates.io-index"
checksum = "4fabed175da42fed1fa0746b0ea71f412aa9d35e76e95e59b192c64b9dc2bf8b"
dependencies = [
 "cfg-if 0.1.10",
]

[[package]]
name = "memchr"
version = "2.3.3"
source = "registry+https://github.com/rust-lang/crates.io-index"
checksum = "3728d817d99e5ac407411fa471ff9800a778d88a24685968b36824eaf4bee400"

[[package]]
name = "nix"
version = "0.20.0"
source = "registry+https://github.com/rust-lang/crates.io-index"
checksum = "fa9b4819da1bc61c0ea48b63b7bc8604064dd43013e7cc325df098d49cd7c18a"
dependencies = [
 "bitflags 1.2.1",
 "cc",
 "cfg-if 1.0.0",
 "libc",
]

[[package]]
name = "numtoa"
version = "0.1.0"
source = "registry+https://github.com/rust-lang/crates.io-index"
checksum = "b8f8bdf33df195859076e54ab11ee78a1b208382d3a26ec40d142ffc1ecc49ef"

[[package]]
name = "pnet"
version = "0.26.0"
source = "registry+https://github.com/rust-lang/crates.io-index"
checksum = "c62df42dcd72f6f2a658bcf38509f1027df1440ac85f1af4badbe034418302dc"
dependencies = [
 "ipnetwork",
 "pnet_base",
 "pnet_datalink",
 "pnet_packet",
 "pnet_sys",
 "pnet_transport",
]

[[package]]
name = "pnet_base"
version = "0.26.0"
source = "registry+https://github.com/rust-lang/crates.io-index"
checksum = "b7cd5f7e15220afa66b0a9a62841ea10089f39dcaa1c29752c0b22dfc03111b5"

[[package]]
name = "pnet_datalink"
version = "0.26.0"
source = "registry+https://github.com/rust-lang/crates.io-index"
checksum = "7318ae1d6e0b7fa1e49933233c9473f2b72d3d18b97e70e2716c6415dde5f915"
dependencies = [
 "ipnetwork",
 "libc",
 "pnet_base",
 "pnet_sys",
 "winapi 0.2.8",
]

[[package]]
name = "pnet_macros"
version = "0.26.0"
source = "registry+https://github.com/rust-lang/crates.io-index"
checksum = "bbbd5c52c6e04aa720400f9c71cd0e8bcb38cd13421d5caabd9035e9efa47de9"
dependencies = [
 "regex",
 "syntex",
 "syntex_syntax",
]

[[package]]
name = "pnet_macros_support"
version = "0.26.0"
source = "registry+https://github.com/rust-lang/crates.io-index"
checksum = "daf9c5c0c36766d0a4da9ab268c0700771b8ec367b9463fd678109fa28463c5b"
dependencies = [
 "pnet_base",
]

[[package]]
name = "pnet_packet"
version = "0.26.0"
source = "registry+https://github.com/rust-lang/crates.io-index"
checksum = "89e26a864d71d0ac51a549cf40283c44ed1b8f98168545638a4730ef9f560283"
dependencies = [
 "glob",
 "pnet_base",
 "pnet_macros",
 "pnet_macros_support",
 "syntex",
]

[[package]]
name = "pnet_sys"
version = "0.26.0"
source = "registry+https://github.com/rust-lang/crates.io-index"
checksum = "73f0de0c52609f157b25d79ce24d9016ab1bbf10cde761397200d634a833872c"
dependencies = [
 "libc",
 "winapi 0.2.8",
 "ws2_32-sys",
]

[[package]]
name = "pnet_transport"
version = "0.26.0"
source = "registry+https://github.com/rust-lang/crates.io-index"
checksum = "6712ab76534340494d849e3c51c64a6261e4b451337b7c05bd3681e384c48b10"
dependencies = [
 "libc",
 "pnet_base",
 "pnet_packet",
 "pnet_sys",
]

[[package]]
name = "redox_syscall"
version = "0.1.57"
source = "registry+https://github.com/rust-lang/crates.io-index"
checksum = "41cc0f7e4d5d4544e8861606a285bb08d3e70712ccc7d2b84d7c0ccfaf4b05ce"

[[package]]
name = "redox_termios"
version = "0.1.1"
source = "registry+https://github.com/rust-lang/crates.io-index"
checksum = "7e891cfe48e9100a70a3b6eb652fef28920c117d366339687bd5576160db0f76"
dependencies = [
 "redox_syscall",
]

[[package]]
name = "regex"
version = "1.3.9"
source = "registry+https://github.com/rust-lang/crates.io-index"
checksum = "9c3780fcf44b193bc4d09f36d2a3c87b251da4a046c87795a0d35f4f927ad8e6"
dependencies = [
 "aho-corasick",
 "memchr",
 "regex-syntax",
 "thread_local",
]

[[package]]
name = "regex-syntax"
version = "0.6.18"
source = "registry+https://github.com/rust-lang/crates.io-index"
checksum = "26412eb97c6b088a6997e05f69403a802a92d520de2f8e63c2b65f9e0f47c4e8"

[[package]]
name = "rshark"
version = "0.1.0"
dependencies = [
 "clap",
 "ctrlc",
 "pnet",
 "termion",
 "tui",
]

[[package]]
name = "rustc-serialize"
version = "0.3.24"
source = "registry+https://github.com/rust-lang/crates.io-index"
checksum = "dcf128d1287d2ea9d80910b5f1120d0b8eede3fbf1abe91c40d39ea7d51e6fda"

[[package]]
name = "serde"
version = "1.0.114"
source = "registry+https://github.com/rust-lang/crates.io-index"
checksum = "5317f7588f0a5078ee60ef675ef96735a1442132dc645eb1d12c018620ed8cd3"

[[package]]
name = "strsim"
version = "0.8.0"
source = "registry+https://github.com/rust-lang/crates.io-index"
checksum = "8ea5119cdb4c55b55d432abb513a0429384878c15dde60cc77b1c99de1a95a6a"

[[package]]
name = "syntex"
version = "0.42.2"
source = "registry+https://github.com/rust-lang/crates.io-index"
checksum = "0a30b08a6b383a22e5f6edc127d169670d48f905bb00ca79a00ea3e442ebe317"
dependencies = [
 "syntex_errors",
 "syntex_syntax",
]

[[package]]
name = "syntex_errors"
version = "0.42.0"
source = "registry+https://github.com/rust-lang/crates.io-index"
checksum = "04c48f32867b6114449155b2a82114b86d4b09e1bddb21c47ff104ab9172b646"
dependencies = [
 "libc",
 "log 0.3.9",
 "rustc-serialize",
 "syntex_pos",
 "term",
 "unicode-xid",
]

[[package]]
name = "syntex_pos"
version = "0.42.0"
source = "registry+https://github.com/rust-lang/crates.io-index"
checksum = "3fd49988e52451813c61fecbe9abb5cfd4e1b7bb6cdbb980a6fbcbab859171a6"
dependencies = [
 "rustc-serialize",
]

[[package]]
name = "syntex_syntax"
version = "0.42.0"
source = "registry+https://github.com/rust-lang/crates.io-index"
checksum = "7628a0506e8f9666fdabb5f265d0059b059edac9a3f810bda077abb5d826bd8d"
dependencies = [
 "bitflags 0.5.0",
 "libc",
 "log 0.3.9",
 "rustc-serialize",
 "syntex_errors",
 "syntex_pos",
 "term",
 "unicode-xid",
]

[[package]]
name = "term"
version = "0.4.6"
source = "registry+https://github.com/rust-lang/crates.io-index"
checksum = "fa63644f74ce96fbeb9b794f66aff2a52d601cbd5e80f4b97123e3899f4570f1"
dependencies = [
 "kernel32-sys",
 "winapi 0.2.8",
]

[[package]]
name = "termion"
version = "1.5.5"
source = "registry+https://github.com/rust-lang/crates.io-index"
checksum = "c22cec9d8978d906be5ac94bceb5a010d885c626c4c8855721a4dbd20e3ac905"
dependencies = [
 "libc",
 "numtoa",
 "redox_syscall",
 "redox_termios",
]

[[package]]
name = "textwrap"
version = "0.11.0"
source = "registry+https://github.com/rust-lang/crates.io-index"
checksum = "d326610f408c7a4eb6f51c37c330e496b08506c9457c9d34287ecc38809fb060"
dependencies = [
 "unicode-width",
]

[[package]]
name = "thread_local"
version = "1.0.1"
source = "registry+https://github.com/rust-lang/crates.io-index"
checksum = "d40c6d1b69745a6ec6fb1ca717914848da4b44ae29d9b3080cbee91d72a69b14"
dependencies = [
 "lazy_static",
]

[[package]]
name = "tui"
version = "0.10.0"
source = "registry+https://github.com/rust-lang/crates.io-index"
checksum = "a977b0bb2e2033a6fef950f218f13622c3c34e59754b704ce3492dedab1dfe95"
dependencies = [
 "bitflags 1.2.1",
 "cassowary",
 "termion",
 "unicode-segmentation",
 "unicode-width",
]

[[package]]
name = "unicode-segmentation"
version = "1.6.0"
source = "registry+https://github.com/rust-lang/crates.io-index"
checksum = "e83e153d1053cbb5a118eeff7fd5be06ed99153f00dbcd8ae310c5fb2b22edc0"

[[package]]
name = "unicode-width"
version = "0.1.8"
source = "registry+https://github.com/rust-lang/crates.io-index"
checksum = "9337591893a19b88d8d87f2cec1e73fad5cdfd10e5a6f349f498ad6ea2ffb1e3"

[[package]]
name = "unicode-xid"
version = "0.0.3"
source = "registry+https://github.com/rust-lang/crates.io-index"
checksum = "36dff09cafb4ec7c8cf0023eb0b686cb6ce65499116a12201c9e11840ca01beb"

[[package]]
name = "vec_map"
version = "0.8.2"
source = "registry+https://github.com/rust-lang/crates.io-index"
checksum = "f1bddf1187be692e79c5ffeab891132dfb0f236ed36a43c7ed39f1165ee20191"

[[package]]
name = "winapi"
version = "0.2.8"
source = "registry+https://github.com/rust-lang/crates.io-index"
checksum = "167dc9d6949a9b857f3451275e911c3f44255842c1f7a76f33c55103a909087a"

[[package]]
name = "winapi"
version = "0.3.9"
source = "registry+https://github.com/rust-lang/crates.io-index"
checksum = "5c839a674fcd7a98952e593242ea400abe93992746761e38641405d28b00f419"
dependencies = [
 "winapi-i686-pc-windows-gnu",
 "winapi-x86_64-pc-windows-gnu",
]

[[package]]
name = "winapi-build"
version = "0.1.1"
source = "registry+https://github.com/rust-lang/crates.io-index"
checksum = "2d315eee3b34aca4797b2da6b13ed88266e6d612562a0c46390af8299fc699bc"

[[package]]
name = "winapi-i686-pc-windows-gnu"
version = "0.4.0"
source = "registry+https://github.com/rust-lang/crates.io-index"
checksum = "ac3b87c63620426dd9b991e5ce0329eff545bccbbb34f3be09ff6fb6ab51b7b6"

[[package]]
name = "winapi-x86_64-pc-windows-gnu"
version = "0.4.0"
source = "registry+https://github.com/rust-lang/crates.io-index"
checksum = "712e227841d057c1ee1cd2fb22fa7e5a5461ae8e48fa2ca79ec42cfc1931183f"

[[package]]
name = "ws2_32-sys"
version = "0.2.1"
source = "registry+https://github.com/rust-lang/crates.io-index"
checksum = "d59cefebd0c892fa2dd6de581e937301d8552cb44489cdff035c6187cb63fa5e"
dependencies = [
 "winapi 0.2.8",
 "winapi-build",
]
